
Microsoft Visual Studio Solution File, Format Version 12.00
# Visual Studio Version 17
VisualStudioVersion = 17.5.33424.131
MinimumVisualStudioVersion = 10.0.40219.1
Project("{FAE04EC0-301F-11D3-BF4B-00C04F79EFBC}") = "Assembly-CSharp", "Assembly-CSharp.csproj", "{B2D564FE-282F-44E4-0BB1-51778F3A82E8}"
EndProject
Project("{FAE04EC0-301F-11D3-BF4B-00C04F79EFBC}") = "Assembly-CSharp-Editor", "Assembly-CSharp-Editor.csproj", "{A6F9B8FD-12FF-EDE2-C3BD-68568503C5A8}"
EndProject
Global
	GlobalSection(SolutionConfigurationPlatforms) = preSolution
		Debug|Any CPU = Debug|Any CPU
		Release|Any CPU = Release|Any CPU
	EndGlobalSection
	GlobalSection(ProjectConfigurationPlatforms) = postSolution
		{B2D564FE-282F-44E4-0BB1-51778F3A82E8}.Debug|Any CPU.ActiveCfg = Debug|Any CPU
		{B2D564FE-282F-44E4-0BB1-51778F3A82E8}.Debug|Any CPU.Build.0 = Debug|Any CPU
		{B2D564FE-282F-44E4-0BB1-51778F3A82E8}.Release|Any CPU.ActiveCfg = Release|Any CPU
		{B2D564FE-282F-44E4-0BB1-51778F3A82E8}.Release|Any CPU.Build.0 = Release|Any CPU
		{A6F9B8FD-12FF-EDE2-C3BD-68568503C5A8}.Debug|Any CPU.ActiveCfg = Debug|Any CPU
		{A6F9B8FD-12FF-EDE2-C3BD-68568503C5A8}.Debug|Any CPU.Build.0 = Debug|Any CPU
		{A6F9B8FD-12FF-EDE2-C3BD-68568503C5A8}.Release|Any CPU.ActiveCfg = Release|Any CPU
		{A6F9B8FD-12FF-EDE2-C3BD-68568503C5A8}.Release|Any CPU.Build.0 = Release|Any CPU
	EndGlobalSection
	GlobalSection(SolutionProperties) = preSolution
		HideSolutionNode = FALSE
	EndGlobalSection
	GlobalSection(ExtensibilityGlobals) = postSolution
		SolutionGuid = {5A9B510E-D321-4615-A707-756EBF308DA5}
	EndGlobalSection
EndGlobal
